// !$*UTF8*$!
{
	archiveVersion = 1;
	classes = {
	};
	objectVersion = 56;
	objects = {

/* Begin PBXBuildFile section */
		4C53527F2AC36D9000DC298F /* AppDelegate.swift in Sources */ = {isa = PBXBuildFile; fileRef = 4C53527E2AC36D9000DC298F /* AppDelegate.swift */; };
		4C5352812AC36D9000DC298F /* SceneDelegate.swift in Sources */ = {isa = PBXBuildFile; fileRef = 4C5352802AC36D9000DC298F /* SceneDelegate.swift */; };
		4C5352862AC36D9000DC298F /* Main.storyboard in Resources */ = {isa = PBXBuildFile; fileRef = 4C5352842AC36D9000DC298F /* Main.storyboard */; };
		4C5352882AC36D9600DC298F /* Assets.xcassets in Resources */ = {isa = PBXBuildFile; fileRef = 4C5352872AC36D9600DC298F /* Assets.xcassets */; };
		4C53528B2AC36D9600DC298F /* LaunchScreen.storyboard in Resources */ = {isa = PBXBuildFile; fileRef = 4C5352892AC36D9600DC298F /* LaunchScreen.storyboard */; };
		4C5352932AC3725500DC298F /* TrackerViewController.swift in Sources */ = {isa = PBXBuildFile; fileRef = 4C5352922AC3725500DC298F /* TrackerViewController.swift */; };
		4C5352952AC3729500DC298F /* TrackerCreatorViewController.swift in Sources */ = {isa = PBXBuildFile; fileRef = 4C5352942AC3729500DC298F /* TrackerCreatorViewController.swift */; };
		4C5352982AC372E200DC298F /* TabBarController.swift in Sources */ = {isa = PBXBuildFile; fileRef = 4C5352972AC372E200DC298F /* TabBarController.swift */; };
		4C53529B2AC3732000DC298F /* TrackerScheduleViewController.swift in Sources */ = {isa = PBXBuildFile; fileRef = 4C53529A2AC3732000DC298F /* TrackerScheduleViewController.swift */; };
		4C53529D2AC3733800DC298F /* TrackerScheduleTableView.swift in Sources */ = {isa = PBXBuildFile; fileRef = 4C53529C2AC3733800DC298F /* TrackerScheduleTableView.swift */; };
		4C5352A02AC373AD00DC298F /* TrackerCategory.swift in Sources */ = {isa = PBXBuildFile; fileRef = 4C53529F2AC373AD00DC298F /* TrackerCategory.swift */; };
		4C5352A22AC373BF00DC298F /* Tracker.swift in Sources */ = {isa = PBXBuildFile; fileRef = 4C5352A12AC373BF00DC298F /* Tracker.swift */; };
		4C5352A42AC373DB00DC298F /* TrackerRecord.swift in Sources */ = {isa = PBXBuildFile; fileRef = 4C5352A32AC373DB00DC298F /* TrackerRecord.swift */; };
		4C5352A62AC373F800DC298F /* TrackerStruct.swift in Sources */ = {isa = PBXBuildFile; fileRef = 4C5352A52AC373F800DC298F /* TrackerStruct.swift */; };
		4C5352A82AC3741400DC298F /* NewHabitViewController.swift in Sources */ = {isa = PBXBuildFile; fileRef = 4C5352A72AC3741400DC298F /* NewHabitViewController.swift */; };
		4C5352AA2AC3743200DC298F /* NewEventViewController.swift in Sources */ = {isa = PBXBuildFile; fileRef = 4C5352A92AC3743200DC298F /* NewEventViewController.swift */; };
		4C5352AC2AC3744E00DC298F /* TrackerHeader.swift in Sources */ = {isa = PBXBuildFile; fileRef = 4C5352AB2AC3744E00DC298F /* TrackerHeader.swift */; };
		4C5352AE2AC3746600DC298F /* TrackerCell.swift in Sources */ = {isa = PBXBuildFile; fileRef = 4C5352AD2AC3746600DC298F /* TrackerCell.swift */; };
		4C5352B02AC3748100DC298F /* CategoryViewController.swift in Sources */ = {isa = PBXBuildFile; fileRef = 4C5352AF2AC3748100DC298F /* CategoryViewController.swift */; };
		4C5352B22AC3749500DC298F /* StatisticViewController.swift in Sources */ = {isa = PBXBuildFile; fileRef = 4C5352B12AC3749500DC298F /* StatisticViewController.swift */; };
		4C7B540F2AC9700A00C6F340 /* ColorsCollectionViewCell.swift in Sources */ = {isa = PBXBuildFile; fileRef = 4C7B540E2AC9700A00C6F340 /* ColorsCollectionViewCell.swift */; };
		4C7B54112AC9702800C6F340 /* EmojiCollectionViewCell.swift in Sources */ = {isa = PBXBuildFile; fileRef = 4C7B54102AC9702800C6F340 /* EmojiCollectionViewCell.swift */; };
		4C7B545A2AD1B77400C6F340 /* CoreModel.xcdatamodeld in Sources */ = {isa = PBXBuildFile; fileRef = 4C7B54582AD1B77400C6F340 /* CoreModel.xcdatamodeld */; };
		4C7B545D2AD1B94C00C6F340 /* TrackerStore.swift in Sources */ = {isa = PBXBuildFile; fileRef = 4C7B545C2AD1B94C00C6F340 /* TrackerStore.swift */; };
		4C7B545F2AD1B95E00C6F340 /* TrackerCategoryStore.swift in Sources */ = {isa = PBXBuildFile; fileRef = 4C7B545E2AD1B95E00C6F340 /* TrackerCategoryStore.swift */; };
		4C7B54612AD1B96F00C6F340 /* TrackerRecordStore.swift in Sources */ = {isa = PBXBuildFile; fileRef = 4C7B54602AD1B96F00C6F340 /* TrackerRecordStore.swift */; };
		4C7B54632AD1B98900C6F340 /* UIColorMarshalling.swift in Sources */ = {isa = PBXBuildFile; fileRef = 4C7B54622AD1B98900C6F340 /* UIColorMarshalling.swift */; };
		4C81F7542AE2B45A005FA31B /* Extensions.swift in Sources */ = {isa = PBXBuildFile; fileRef = 4C81F7532AE2B45A005FA31B /* Extensions.swift */; };
/* End PBXBuildFile section */

/* Begin PBXFileReference section */
		4C53527B2AC36D9000DC298F /* Tracker.app */ = {isa = PBXFileReference; explicitFileType = wrapper.application; includeInIndex = 0; path = Tracker.app; sourceTree = BUILT_PRODUCTS_DIR; };
		4C53527E2AC36D9000DC298F /* AppDelegate.swift */ = {isa = PBXFileReference; lastKnownFileType = sourcecode.swift; path = AppDelegate.swift; sourceTree = "<group>"; };
		4C5352802AC36D9000DC298F /* SceneDelegate.swift */ = {isa = PBXFileReference; lastKnownFileType = sourcecode.swift; path = SceneDelegate.swift; sourceTree = "<group>"; };
		4C5352852AC36D9000DC298F /* Base */ = {isa = PBXFileReference; lastKnownFileType = file.storyboard; name = Base; path = Base.lproj/Main.storyboard; sourceTree = "<group>"; };
		4C5352872AC36D9600DC298F /* Assets.xcassets */ = {isa = PBXFileReference; lastKnownFileType = folder.assetcatalog; path = Assets.xcassets; sourceTree = "<group>"; };
		4C53528A2AC36D9600DC298F /* Base */ = {isa = PBXFileReference; lastKnownFileType = file.storyboard; name = Base; path = Base.lproj/LaunchScreen.storyboard; sourceTree = "<group>"; };
		4C53528C2AC36D9600DC298F /* Info.plist */ = {isa = PBXFileReference; lastKnownFileType = text.plist.xml; path = Info.plist; sourceTree = "<group>"; };
		4C5352922AC3725500DC298F /* TrackerViewController.swift */ = {isa = PBXFileReference; lastKnownFileType = sourcecode.swift; path = TrackerViewController.swift; sourceTree = "<group>"; };
		4C5352942AC3729500DC298F /* TrackerCreatorViewController.swift */ = {isa = PBXFileReference; lastKnownFileType = sourcecode.swift; path = TrackerCreatorViewController.swift; sourceTree = "<group>"; };
		4C5352972AC372E200DC298F /* TabBarController.swift */ = {isa = PBXFileReference; lastKnownFileType = sourcecode.swift; path = TabBarController.swift; sourceTree = "<group>"; };
		4C53529A2AC3732000DC298F /* TrackerScheduleViewController.swift */ = {isa = PBXFileReference; lastKnownFileType = sourcecode.swift; path = TrackerScheduleViewController.swift; sourceTree = "<group>"; };
		4C53529C2AC3733800DC298F /* TrackerScheduleTableView.swift */ = {isa = PBXFileReference; lastKnownFileType = sourcecode.swift; path = TrackerScheduleTableView.swift; sourceTree = "<group>"; };
		4C53529F2AC373AD00DC298F /* TrackerCategory.swift */ = {isa = PBXFileReference; lastKnownFileType = sourcecode.swift; path = TrackerCategory.swift; sourceTree = "<group>"; };
		4C5352A12AC373BF00DC298F /* Tracker.swift */ = {isa = PBXFileReference; lastKnownFileType = sourcecode.swift; path = Tracker.swift; sourceTree = "<group>"; };
		4C5352A32AC373DB00DC298F /* TrackerRecord.swift */ = {isa = PBXFileReference; lastKnownFileType = sourcecode.swift; path = TrackerRecord.swift; sourceTree = "<group>"; };
		4C5352A52AC373F800DC298F /* TrackerStruct.swift */ = {isa = PBXFileReference; lastKnownFileType = sourcecode.swift; path = TrackerStruct.swift; sourceTree = "<group>"; };
		4C5352A72AC3741400DC298F /* NewHabitViewController.swift */ = {isa = PBXFileReference; lastKnownFileType = sourcecode.swift; path = NewHabitViewController.swift; sourceTree = "<group>"; };
		4C5352A92AC3743200DC298F /* NewEventViewController.swift */ = {isa = PBXFileReference; lastKnownFileType = sourcecode.swift; path = NewEventViewController.swift; sourceTree = "<group>"; };
		4C5352AB2AC3744E00DC298F /* TrackerHeader.swift */ = {isa = PBXFileReference; lastKnownFileType = sourcecode.swift; path = TrackerHeader.swift; sourceTree = "<group>"; };
		4C5352AD2AC3746600DC298F /* TrackerCell.swift */ = {isa = PBXFileReference; lastKnownFileType = sourcecode.swift; path = TrackerCell.swift; sourceTree = "<group>"; };
		4C5352AF2AC3748100DC298F /* CategoryViewController.swift */ = {isa = PBXFileReference; lastKnownFileType = sourcecode.swift; path = CategoryViewController.swift; sourceTree = "<group>"; };
		4C5352B12AC3749500DC298F /* StatisticViewController.swift */ = {isa = PBXFileReference; lastKnownFileType = sourcecode.swift; path = StatisticViewController.swift; sourceTree = "<group>"; };
		4C7B540E2AC9700A00C6F340 /* ColorsCollectionViewCell.swift */ = {isa = PBXFileReference; lastKnownFileType = sourcecode.swift; path = ColorsCollectionViewCell.swift; sourceTree = "<group>"; };
		4C7B54102AC9702800C6F340 /* EmojiCollectionViewCell.swift */ = {isa = PBXFileReference; lastKnownFileType = sourcecode.swift; path = EmojiCollectionViewCell.swift; sourceTree = "<group>"; };
		4C7B54592AD1B77400C6F340 /* Model.xcdatamodel */ = {isa = PBXFileReference; lastKnownFileType = wrapper.xcdatamodel; path = Model.xcdatamodel; sourceTree = "<group>"; };
		4C7B545C2AD1B94C00C6F340 /* TrackerStore.swift */ = {isa = PBXFileReference; lastKnownFileType = sourcecode.swift; path = TrackerStore.swift; sourceTree = "<group>"; };
		4C7B545E2AD1B95E00C6F340 /* TrackerCategoryStore.swift */ = {isa = PBXFileReference; lastKnownFileType = sourcecode.swift; path = TrackerCategoryStore.swift; sourceTree = "<group>"; };
		4C7B54602AD1B96F00C6F340 /* TrackerRecordStore.swift */ = {isa = PBXFileReference; lastKnownFileType = sourcecode.swift; path = TrackerRecordStore.swift; sourceTree = "<group>"; };
		4C7B54622AD1B98900C6F340 /* UIColorMarshalling.swift */ = {isa = PBXFileReference; lastKnownFileType = sourcecode.swift; path = UIColorMarshalling.swift; sourceTree = "<group>"; };
		4C81F7532AE2B45A005FA31B /* Extensions.swift */ = {isa = PBXFileReference; lastKnownFileType = sourcecode.swift; path = Extensions.swift; sourceTree = "<group>"; };
/* End PBXFileReference section */

/* Begin PBXFrameworksBuildPhase section */
		4C5352782AC36D9000DC298F /* Frameworks */ = {
			isa = PBXFrameworksBuildPhase;
			buildActionMask = 2147483647;
			files = (
			);
			runOnlyForDeploymentPostprocessing = 0;
		};
/* End PBXFrameworksBuildPhase section */

/* Begin PBXGroup section */
		4C5352722AC36D9000DC298F = {
			isa = PBXGroup;
			children = (
				4C53527D2AC36D9000DC298F /* Tracker */,
				4C53527C2AC36D9000DC298F /* Products */,
			);
			sourceTree = "<group>";
		};
		4C53527C2AC36D9000DC298F /* Products */ = {
			isa = PBXGroup;
			children = (
				4C53527B2AC36D9000DC298F /* Tracker.app */,
			);
			name = Products;
			sourceTree = "<group>";
		};
		4C53527D2AC36D9000DC298F /* Tracker */ = {
			isa = PBXGroup;
			children = (
				4C81F7552AE2B463005FA31B /* Extensions */,
				4C5352922AC3725500DC298F /* TrackerViewController.swift */,
				4C5352942AC3729500DC298F /* TrackerCreatorViewController.swift */,
				4C5352A72AC3741400DC298F /* NewHabitViewController.swift */,
				4C5352A92AC3743200DC298F /* NewEventViewController.swift */,
				4C53529E2AC3739600DC298F /* Models */,
				4C5352B52AC3759500DC298F /* TrackerHeader */,
				4C5352B42AC3757300DC298F /* TrackerCell */,
				4C5352992AC372FC00DC298F /* TrackerScheduleViewController */,
				4C5352962AC372C900DC298F /* TabBarController */,
				4C5352B32AC374AC00DC298F /* Delegates */,
				4C7B545B2AD1B93200C6F340 /* CoreData */,
				4C81F7522AE15279005FA31B /* ColorsAndEmojiCollectionCell */,
				4C5352842AC36D9000DC298F /* Main.storyboard */,
				4C5352872AC36D9600DC298F /* Assets.xcassets */,
				4C5352892AC36D9600DC298F /* LaunchScreen.storyboard */,
				4C53528C2AC36D9600DC298F /* Info.plist */,
				4C5352B12AC3749500DC298F /* StatisticViewController.swift */,
				4C5352AF2AC3748100DC298F /* CategoryViewController.swift */,
				4C7B54582AD1B77400C6F340 /* CoreModel.xcdatamodeld */,
			);
			path = Tracker;
			sourceTree = "<group>";
		};
		4C5352962AC372C900DC298F /* TabBarController */ = {
			isa = PBXGroup;
			children = (
				4C5352972AC372E200DC298F /* TabBarController.swift */,
			);
			path = TabBarController;
			sourceTree = "<group>";
		};
		4C5352992AC372FC00DC298F /* TrackerScheduleViewController */ = {
			isa = PBXGroup;
			children = (
				4C53529A2AC3732000DC298F /* TrackerScheduleViewController.swift */,
				4C53529C2AC3733800DC298F /* TrackerScheduleTableView.swift */,
			);
			path = TrackerScheduleViewController;
			sourceTree = "<group>";
		};
		4C53529E2AC3739600DC298F /* Models */ = {
			isa = PBXGroup;
			children = (
				4C53529F2AC373AD00DC298F /* TrackerCategory.swift */,
				4C5352A12AC373BF00DC298F /* Tracker.swift */,
				4C5352A32AC373DB00DC298F /* TrackerRecord.swift */,
				4C5352A52AC373F800DC298F /* TrackerStruct.swift */,
			);
			path = Models;
			sourceTree = "<group>";
		};
		4C5352B32AC374AC00DC298F /* Delegates */ = {
			isa = PBXGroup;
			children = (
				4C53527E2AC36D9000DC298F /* AppDelegate.swift */,
				4C5352802AC36D9000DC298F /* SceneDelegate.swift */,
			);
			path = Delegates;
			sourceTree = "<group>";
		};
		4C5352B42AC3757300DC298F /* TrackerCell */ = {
			isa = PBXGroup;
			children = (
				4C5352AD2AC3746600DC298F /* TrackerCell.swift */,
			);
			path = TrackerCell;
			sourceTree = "<group>";
		};
		4C5352B52AC3759500DC298F /* TrackerHeader */ = {
			isa = PBXGroup;
			children = (
				4C5352AB2AC3744E00DC298F /* TrackerHeader.swift */,
			);
			path = TrackerHeader;
			sourceTree = "<group>";
		};
		4C7B545B2AD1B93200C6F340 /* CoreData */ = {
			isa = PBXGroup;
			children = (
				4C7B545C2AD1B94C00C6F340 /* TrackerStore.swift */,
				4C7B545E2AD1B95E00C6F340 /* TrackerCategoryStore.swift */,
				4C7B54602AD1B96F00C6F340 /* TrackerRecordStore.swift */,
				4C7B54622AD1B98900C6F340 /* UIColorMarshalling.swift */,
			);
			path = CoreData;
			sourceTree = "<group>";
		};
		4C81F7522AE15279005FA31B /* ColorsAndEmojiCollectionCell */ = {
			isa = PBXGroup;
			children = (
				4C7B540E2AC9700A00C6F340 /* ColorsCollectionViewCell.swift */,
				4C7B54102AC9702800C6F340 /* EmojiCollectionViewCell.swift */,
			);
			path = ColorsAndEmojiCollectionCell;
			sourceTree = "<group>";
		};
		4C81F7552AE2B463005FA31B /* Extensions */ = {
			isa = PBXGroup;
			children = (
				4C81F7532AE2B45A005FA31B /* Extensions.swift */,
			);
			path = Extensions;
			sourceTree = "<group>";
		};
/* End PBXGroup section */

/* Begin PBXNativeTarget section */
		4C53527A2AC36D9000DC298F /* Tracker */ = {
			isa = PBXNativeTarget;
			buildConfigurationList = 4C53528F2AC36D9600DC298F /* Build configuration list for PBXNativeTarget "Tracker" */;
			buildPhases = (
				4C5352772AC36D9000DC298F /* Sources */,
				4C5352782AC36D9000DC298F /* Frameworks */,
				4C5352792AC36D9000DC298F /* Resources */,
			);
			buildRules = (
			);
			dependencies = (
			);
			name = Tracker;
			productName = Tracker;
			productReference = 4C53527B2AC36D9000DC298F /* Tracker.app */;
			productType = "com.apple.product-type.application";
		};
/* End PBXNativeTarget section */

/* Begin PBXProject section */
		4C5352732AC36D9000DC298F /* Project object */ = {
			isa = PBXProject;
			attributes = {
				BuildIndependentTargetsInParallel = 1;
				LastSwiftUpdateCheck = 1430;
				LastUpgradeCheck = 1430;
				TargetAttributes = {
					4C53527A2AC36D9000DC298F = {
						CreatedOnToolsVersion = 14.3.1;
					};
				};
			};
			buildConfigurationList = 4C5352762AC36D9000DC298F /* Build configuration list for PBXProject "Tracker" */;
			compatibilityVersion = "Xcode 14.0";
			developmentRegion = en;
			hasScannedForEncodings = 0;
			knownRegions = (
				en,
				Base,
			);
			mainGroup = 4C5352722AC36D9000DC298F;
			productRefGroup = 4C53527C2AC36D9000DC298F /* Products */;
			projectDirPath = "";
			projectRoot = "";
			targets = (
				4C53527A2AC36D9000DC298F /* Tracker */,
			);
		};
/* End PBXProject section */

/* Begin PBXResourcesBuildPhase section */
		4C5352792AC36D9000DC298F /* Resources */ = {
			isa = PBXResourcesBuildPhase;
			buildActionMask = 2147483647;
			files = (
				4C53528B2AC36D9600DC298F /* LaunchScreen.storyboard in Resources */,
				4C5352882AC36D9600DC298F /* Assets.xcassets in Resources */,
				4C5352862AC36D9000DC298F /* Main.storyboard in Resources */,
			);
			runOnlyForDeploymentPostprocessing = 0;
		};
/* End PBXResourcesBuildPhase section */

/* Begin PBXSourcesBuildPhase section */
		4C5352772AC36D9000DC298F /* Sources */ = {
			isa = PBXSourcesBuildPhase;
			buildActionMask = 2147483647;
			files = (
				4C7B54632AD1B98900C6F340 /* UIColorMarshalling.swift in Sources */,
				4C5352A02AC373AD00DC298F /* TrackerCategory.swift in Sources */,
				4C7B540F2AC9700A00C6F340 /* ColorsCollectionViewCell.swift in Sources */,
				4C5352B02AC3748100DC298F /* CategoryViewController.swift in Sources */,
				4C5352A22AC373BF00DC298F /* Tracker.swift in Sources */,
				4C7B54112AC9702800C6F340 /* EmojiCollectionViewCell.swift in Sources */,
				4C7B545D2AD1B94C00C6F340 /* TrackerStore.swift in Sources */,
				4C5352A62AC373F800DC298F /* TrackerStruct.swift in Sources */,
				4C5352AA2AC3743200DC298F /* NewEventViewController.swift in Sources */,
				4C7B545F2AD1B95E00C6F340 /* TrackerCategoryStore.swift in Sources */,
				4C5352A42AC373DB00DC298F /* TrackerRecord.swift in Sources */,
				4C5352932AC3725500DC298F /* TrackerViewController.swift in Sources */,
				4C53529B2AC3732000DC298F /* TrackerScheduleViewController.swift in Sources */,
				4C5352AE2AC3746600DC298F /* TrackerCell.swift in Sources */,
				4C53527F2AC36D9000DC298F /* AppDelegate.swift in Sources */,
				4C5352982AC372E200DC298F /* TabBarController.swift in Sources */,
				4C5352A82AC3741400DC298F /* NewHabitViewController.swift in Sources */,
				4C53529D2AC3733800DC298F /* TrackerScheduleTableView.swift in Sources */,
				4C5352812AC36D9000DC298F /* SceneDelegate.swift in Sources */,
				4C7B54612AD1B96F00C6F340 /* TrackerRecordStore.swift in Sources */,
				4C81F7542AE2B45A005FA31B /* Extensions.swift in Sources */,
				4C7B545A2AD1B77400C6F340 /* CoreModel.xcdatamodeld in Sources */,
				4C5352B22AC3749500DC298F /* StatisticViewController.swift in Sources */,
				4C5352952AC3729500DC298F /* TrackerCreatorViewController.swift in Sources */,
				4C5352AC2AC3744E00DC298F /* TrackerHeader.swift in Sources */,
			);
			runOnlyForDeploymentPostprocessing = 0;
		};
/* End PBXSourcesBuildPhase section */

/* Begin PBXVariantGroup section */
		4C5352842AC36D9000DC298F /* Main.storyboard */ = {
			isa = PBXVariantGroup;
			children = (
				4C5352852AC36D9000DC298F /* Base */,
			);
			name = Main.storyboard;
			sourceTree = "<group>";
		};
		4C5352892AC36D9600DC298F /* LaunchScreen.storyboard */ = {
			isa = PBXVariantGroup;
			children = (
				4C53528A2AC36D9600DC298F /* Base */,
			);
			name = LaunchScreen.storyboard;
			sourceTree = "<group>";
		};
/* End PBXVariantGroup section */

/* Begin XCBuildConfiguration section */
		4C53528D2AC36D9600DC298F /* Debug */ = {
			isa = XCBuildConfiguration;
			buildSettings = {
				ALWAYS_SEARCH_USER_PATHS = NO;
				CLANG_ANALYZER_NONNULL = YES;
				CLANG_ANALYZER_NUMBER_OBJECT_CONVERSION = YES_AGGRESSIVE;
				CLANG_CXX_LANGUAGE_STANDARD = "gnu++20";
				CLANG_ENABLE_MODULES = YES;
				CLANG_ENABLE_OBJC_ARC = YES;
				CLANG_ENABLE_OBJC_WEAK = YES;
				CLANG_WARN_BLOCK_CAPTURE_AUTORELEASING = YES;
				CLANG_WARN_BOOL_CONVERSION = YES;
				CLANG_WARN_COMMA = YES;
				CLANG_WARN_CONSTANT_CONVERSION = YES;
				CLANG_WARN_DEPRECATED_OBJC_IMPLEMENTATIONS = YES;
				CLANG_WARN_DIRECT_OBJC_ISA_USAGE = YES_ERROR;
				CLANG_WARN_DOCUMENTATION_COMMENTS = YES;
				CLANG_WARN_EMPTY_BODY = YES;
				CLANG_WARN_ENUM_CONVERSION = YES;
				CLANG_WARN_INFINITE_RECURSION = YES;
				CLANG_WARN_INT_CONVERSION = YES;
				CLANG_WARN_NON_LITERAL_NULL_CONVERSION = YES;
				CLANG_WARN_OBJC_IMPLICIT_RETAIN_SELF = YES;
				CLANG_WARN_OBJC_LITERAL_CONVERSION = YES;
				CLANG_WARN_OBJC_ROOT_CLASS = YES_ERROR;
				CLANG_WARN_QUOTED_INCLUDE_IN_FRAMEWORK_HEADER = YES;
				CLANG_WARN_RANGE_LOOP_ANALYSIS = YES;
				CLANG_WARN_STRICT_PROTOTYPES = YES;
				CLANG_WARN_SUSPICIOUS_MOVE = YES;
				CLANG_WARN_UNGUARDED_AVAILABILITY = YES_AGGRESSIVE;
				CLANG_WARN_UNREACHABLE_CODE = YES;
				CLANG_WARN__DUPLICATE_METHOD_MATCH = YES;
				COPY_PHASE_STRIP = NO;
				DEBUG_INFORMATION_FORMAT = dwarf;
				ENABLE_STRICT_OBJC_MSGSEND = YES;
				ENABLE_TESTABILITY = YES;
				GCC_C_LANGUAGE_STANDARD = gnu11;
				GCC_DYNAMIC_NO_PIC = NO;
				GCC_NO_COMMON_BLOCKS = YES;
				GCC_OPTIMIZATION_LEVEL = 0;
				GCC_PREPROCESSOR_DEFINITIONS = (
					"DEBUG=1",
					"$(inherited)",
				);
				GCC_WARN_64_TO_32_BIT_CONVERSION = YES;
				GCC_WARN_ABOUT_RETURN_TYPE = YES_ERROR;
				GCC_WARN_UNDECLARED_SELECTOR = YES;
				GCC_WARN_UNINITIALIZED_AUTOS = YES_AGGRESSIVE;
				GCC_WARN_UNUSED_FUNCTION = YES;
				GCC_WARN_UNUSED_VARIABLE = YES;
				IPHONEOS_DEPLOYMENT_TARGET = 16.4;
				MTL_ENABLE_DEBUG_INFO = INCLUDE_SOURCE;
				MTL_FAST_MATH = YES;
				ONLY_ACTIVE_ARCH = YES;
				SDKROOT = iphoneos;
				SWIFT_ACTIVE_COMPILATION_CONDITIONS = DEBUG;
				SWIFT_OPTIMIZATION_LEVEL = "-Onone";
			};
			name = Debug;
		};
		4C53528E2AC36D9600DC298F /* Release */ = {
			isa = XCBuildConfiguration;
			buildSettings = {
				ALWAYS_SEARCH_USER_PATHS = NO;
				CLANG_ANALYZER_NONNULL = YES;
				CLANG_ANALYZER_NUMBER_OBJECT_CONVERSION = YES_AGGRESSIVE;
				CLANG_CXX_LANGUAGE_STANDARD = "gnu++20";
				CLANG_ENABLE_MODULES = YES;
				CLANG_ENABLE_OBJC_ARC = YES;
				CLANG_ENABLE_OBJC_WEAK = YES;
				CLANG_WARN_BLOCK_CAPTURE_AUTORELEASING = YES;
				CLANG_WARN_BOOL_CONVERSION = YES;
				CLANG_WARN_COMMA = YES;
				CLANG_WARN_CONSTANT_CONVERSION = YES;
				CLANG_WARN_DEPRECATED_OBJC_IMPLEMENTATIONS = YES;
				CLANG_WARN_DIRECT_OBJC_ISA_USAGE = YES_ERROR;
				CLANG_WARN_DOCUMENTATION_COMMENTS = YES;
				CLANG_WARN_EMPTY_BODY = YES;
				CLANG_WARN_ENUM_CONVERSION = YES;
				CLANG_WARN_INFINITE_RECURSION = YES;
				CLANG_WARN_INT_CONVERSION = YES;
				CLANG_WARN_NON_LITERAL_NULL_CONVERSION = YES;
				CLANG_WARN_OBJC_IMPLICIT_RETAIN_SELF = YES;
				CLANG_WARN_OBJC_LITERAL_CONVERSION = YES;
				CLANG_WARN_OBJC_ROOT_CLASS = YES_ERROR;
				CLANG_WARN_QUOTED_INCLUDE_IN_FRAMEWORK_HEADER = YES;
				CLANG_WARN_RANGE_LOOP_ANALYSIS = YES;
				CLANG_WARN_STRICT_PROTOTYPES = YES;
				CLANG_WARN_SUSPICIOUS_MOVE = YES;
				CLANG_WARN_UNGUARDED_AVAILABILITY = YES_AGGRESSIVE;
				CLANG_WARN_UNREACHABLE_CODE = YES;
				CLANG_WARN__DUPLICATE_METHOD_MATCH = YES;
				COPY_PHASE_STRIP = NO;
				DEBUG_INFORMATION_FORMAT = "dwarf-with-dsym";
				ENABLE_NS_ASSERTIONS = NO;
				ENABLE_STRICT_OBJC_MSGSEND = YES;
				GCC_C_LANGUAGE_STANDARD = gnu11;
				GCC_NO_COMMON_BLOCKS = YES;
				GCC_WARN_64_TO_32_BIT_CONVERSION = YES;
				GCC_WARN_ABOUT_RETURN_TYPE = YES_ERROR;
				GCC_WARN_UNDECLARED_SELECTOR = YES;
				GCC_WARN_UNINITIALIZED_AUTOS = YES_AGGRESSIVE;
				GCC_WARN_UNUSED_FUNCTION = YES;
				GCC_WARN_UNUSED_VARIABLE = YES;
				IPHONEOS_DEPLOYMENT_TARGET = 16.4;
				MTL_ENABLE_DEBUG_INFO = NO;
				MTL_FAST_MATH = YES;
				SDKROOT = iphoneos;
				SWIFT_COMPILATION_MODE = wholemodule;
				SWIFT_OPTIMIZATION_LEVEL = "-O";
				VALIDATE_PRODUCT = YES;
			};
			name = Release;
		};
		4C5352902AC36D9600DC298F /* Debug */ = {
			isa = XCBuildConfiguration;
			buildSettings = {
				ASSETCATALOG_COMPILER_APPICON_NAME = AppIcon;
				ASSETCATALOG_COMPILER_GLOBAL_ACCENT_COLOR_NAME = AccentColor;
				ASSETCATALOG_COMPILER_INCLUDE_ALL_APPICON_ASSETS = NO;
				CODE_SIGN_STYLE = Automatic;
				CURRENT_PROJECT_VERSION = 1;
				DEVELOPMENT_TEAM = H2AXHRTMVM;
				GENERATE_INFOPLIST_FILE = YES;
				INFOPLIST_FILE = Tracker/Info.plist;
				INFOPLIST_KEY_UIApplicationSupportsIndirectInputEvents = YES;
				INFOPLIST_KEY_UILaunchStoryboardName = LaunchScreen;
				INFOPLIST_KEY_UIMainStoryboardFile = Main;
				INFOPLIST_KEY_UISupportedInterfaceOrientations_iPad = "UIInterfaceOrientationPortrait UIInterfaceOrientationPortraitUpsideDown UIInterfaceOrientationLandscapeLeft UIInterfaceOrientationLandscapeRight";
				INFOPLIST_KEY_UISupportedInterfaceOrientations_iPhone = "UIInterfaceOrientationPortrait UIInterfaceOrientationLandscapeLeft UIInterfaceOrientationLandscapeRight";
				IPHONEOS_DEPLOYMENT_TARGET = 13.4;
				LD_RUNPATH_SEARCH_PATHS = (
					"$(inherited)",
					"@executable_path/Frameworks",
				);
				MARKETING_VERSION = 1.0;
				PRODUCT_BUNDLE_IDENTIFIER = ru.yandex.practicum.visaeva.Tracker;
				PRODUCT_NAME = "$(TARGET_NAME)";
				SUPPORTED_PLATFORMS = "iphoneos iphonesimulator";
				SUPPORTS_MACCATALYST = NO;
				SUPPORTS_MAC_DESIGNED_FOR_IPHONE_IPAD = NO;
				SWIFT_EMIT_LOC_STRINGS = YES;
				SWIFT_VERSION = 5.0;
				TARGETED_DEVICE_FAMILY = 1;
			};
			name = Debug;
		};
		4C5352912AC36D9600DC298F /* Release */ = {
			isa = XCBuildConfiguration;
			buildSettings = {
				ASSETCATALOG_COMPILER_APPICON_NAME = AppIcon;
				ASSETCATALOG_COMPILER_GLOBAL_ACCENT_COLOR_NAME = AccentColor;
				ASSETCATALOG_COMPILER_INCLUDE_ALL_APPICON_ASSETS = NO;
				CODE_SIGN_STYLE = Automatic;
				CURRENT_PROJECT_VERSION = 1;
				DEVELOPMENT_TEAM = H2AXHRTMVM;
				GENERATE_INFOPLIST_FILE = YES;
				INFOPLIST_FILE = Tracker/Info.plist;
				INFOPLIST_KEY_UIApplicationSupportsIndirectInputEvents = YES;
				INFOPLIST_KEY_UILaunchStoryboardName = LaunchScreen;
				INFOPLIST_KEY_UIMainStoryboardFile = Main;
				INFOPLIST_KEY_UISupportedInterfaceOrientations_iPad = "UIInterfaceOrientationPortrait UIInterfaceOrientationPortraitUpsideDown UIInterfaceOrientationLandscapeLeft UIInterfaceOrientationLandscapeRight";
				INFOPLIST_KEY_UISupportedInterfaceOrientations_iPhone = "UIInterfaceOrientationPortrait UIInterfaceOrientationLandscapeLeft UIInterfaceOrientationLandscapeRight";
				IPHONEOS_DEPLOYMENT_TARGET = 13.4;
				LD_RUNPATH_SEARCH_PATHS = (
					"$(inherited)",
					"@executable_path/Frameworks",
				);
				MARKETING_VERSION = 1.0;
				PRODUCT_BUNDLE_IDENTIFIER = ru.yandex.practicum.visaeva.Tracker;
				PRODUCT_NAME = "$(TARGET_NAME)";
				SUPPORTED_PLATFORMS = "iphoneos iphonesimulator";
				SUPPORTS_MACCATALYST = NO;
				SUPPORTS_MAC_DESIGNED_FOR_IPHONE_IPAD = NO;
				SWIFT_EMIT_LOC_STRINGS = YES;
				SWIFT_VERSION = 5.0;
				TARGETED_DEVICE_FAMILY = 1;
			};
			name = Release;
		};
/* End XCBuildConfiguration section */

/* Begin XCConfigurationList section */
		4C5352762AC36D9000DC298F /* Build configuration list for PBXProject "Tracker" */ = {
			isa = XCConfigurationList;
			buildConfigurations = (
				4C53528D2AC36D9600DC298F /* Debug */,
				4C53528E2AC36D9600DC298F /* Release */,
			);
			defaultConfigurationIsVisible = 0;
			defaultConfigurationName = Release;
		};
		4C53528F2AC36D9600DC298F /* Build configuration list for PBXNativeTarget "Tracker" */ = {
			isa = XCConfigurationList;
			buildConfigurations = (
				4C5352902AC36D9600DC298F /* Debug */,
				4C5352912AC36D9600DC298F /* Release */,
			);
			defaultConfigurationIsVisible = 0;
			defaultConfigurationName = Release;
		};
/* End XCConfigurationList section */

/* Begin XCVersionGroup section */
		4C7B54582AD1B77400C6F340 /* CoreModel.xcdatamodeld */ = {
			isa = XCVersionGroup;
			children = (
				4C7B54592AD1B77400C6F340 /* Model.xcdatamodel */,
			);
			currentVersion = 4C7B54592AD1B77400C6F340 /* Model.xcdatamodel */;
			path = CoreModel.xcdatamodeld;
			sourceTree = "<group>";
			versionGroupType = wrapper.xcdatamodel;
		};
/* End XCVersionGroup section */
	};
	rootObject = 4C5352732AC36D9000DC298F /* Project object */;
}
